
Microsoft Visual Studio Solution File, Format Version 12.00
# Visual Studio Version 17
VisualStudioVersion = 17.4.33122.133
MinimumVisualStudioVersion = 10.0.40219.1
Project("{FAE04EC0-301F-11D3-BF4B-00C04F79EFBC}") = "ProjetoModeloPadraoAspNetCore6Microsoft", "ProjetoModeloPadraoAspNetCore6Microsoft\ProjetoModeloPadraoAspNetCore6Microsoft.csproj", "{1B429474-142D-4FEE-8F92-D5618EC037C5}"
EndProject
Global
	GlobalSection(SolutionConfigurationPlatforms) = preSolution
		Debug|Any CPU = Debug|Any CPU
		Release|Any CPU = Release|Any CPU
	EndGlobalSection
	GlobalSection(ProjectConfigurationPlatforms) = postSolution
		{1B429474-142D-4FEE-8F92-D5618EC037C5}.Debug|Any CPU.ActiveCfg = Debug|Any CPU
		{1B429474-142D-4FEE-8F92-D5618EC037C5}.Debug|Any CPU.Build.0 = Debug|Any CPU
		{1B429474-142D-4FEE-8F92-D5618EC037C5}.Release|Any CPU.ActiveCfg = Release|Any CPU
		{1B429474-142D-4FEE-8F92-D5618EC037C5}.Release|Any CPU.Build.0 = Release|Any CPU
	EndGlobalSection
	GlobalSection(SolutionProperties) = preSolution
		HideSolutionNode = FALSE
	EndGlobalSection
	GlobalSection(ExtensibilityGlobals) = postSolution
		SolutionGuid = {2315328D-8008-4BBA-9A22-2C94C8E57F9B}
	EndGlobalSection
EndGlobal
